
Microsoft Visual Studio Solution File, Format Version 12.00
# Visual Studio 14
VisualStudioVersion = 14.0.25420.1
MinimumVisualStudioVersion = 10.0.40219.1
Project("{FAE04EC0-301F-11D3-BF4B-00C04F79EFBC}") = "ParkInspect", "ParkInspect\ParkInspect.csproj", "{74289368-6EB9-4004-B602-C8E031A37C44}"
EndProject
Project("{00D1A9C2-B5F0-4AF3-8072-F6C62B433612}") = "Database", "Database\Database.sqlproj", "{B29A5ADD-235E-44E6-AF92-B9205456E92B}"
EndProject
Project("{FAE04EC0-301F-11D3-BF4B-00C04F79EFBC}") = "Data", "Data\Data.csproj", "{DBD837F9-810F-4078-BE35-5E4B53D10879}"
EndProject
Project("{FAE04EC0-301F-11D3-BF4B-00C04F79EFBC}") = "ParkInspectPortal", "ParkInspectPortal\ParkInspectPortal.csproj", "{50CA62ED-A306-4EDA-A5D8-7BB009D66B37}"
EndProject
Project("{FAE04EC0-301F-11D3-BF4B-00C04F79EFBC}") = "ParkInspect.Tests", "ParkInspect.Tests\ParkInspect.Tests.csproj", "{D096D965-EFF0-4EB5-97FA-3C5F8448AFCB}"
EndProject
Global
	GlobalSection(SolutionConfigurationPlatforms) = preSolution
		Debug|Any CPU = Debug|Any CPU
		Release|Any CPU = Release|Any CPU
	EndGlobalSection
	GlobalSection(ProjectConfigurationPlatforms) = postSolution
		{74289368-6EB9-4004-B602-C8E031A37C44}.Debug|Any CPU.ActiveCfg = Debug|Any CPU
		{74289368-6EB9-4004-B602-C8E031A37C44}.Debug|Any CPU.Build.0 = Debug|Any CPU
		{74289368-6EB9-4004-B602-C8E031A37C44}.Release|Any CPU.ActiveCfg = Release|Any CPU
		{74289368-6EB9-4004-B602-C8E031A37C44}.Release|Any CPU.Build.0 = Release|Any CPU
		{B29A5ADD-235E-44E6-AF92-B9205456E92B}.Debug|Any CPU.ActiveCfg = Debug|Any CPU
		{B29A5ADD-235E-44E6-AF92-B9205456E92B}.Debug|Any CPU.Build.0 = Debug|Any CPU
		{B29A5ADD-235E-44E6-AF92-B9205456E92B}.Debug|Any CPU.Deploy.0 = Debug|Any CPU
		{B29A5ADD-235E-44E6-AF92-B9205456E92B}.Release|Any CPU.ActiveCfg = Release|Any CPU
		{B29A5ADD-235E-44E6-AF92-B9205456E92B}.Release|Any CPU.Build.0 = Release|Any CPU
		{B29A5ADD-235E-44E6-AF92-B9205456E92B}.Release|Any CPU.Deploy.0 = Release|Any CPU
		{DBD837F9-810F-4078-BE35-5E4B53D10879}.Debug|Any CPU.ActiveCfg = Debug|Any CPU
		{DBD837F9-810F-4078-BE35-5E4B53D10879}.Debug|Any CPU.Build.0 = Debug|Any CPU
		{DBD837F9-810F-4078-BE35-5E4B53D10879}.Release|Any CPU.ActiveCfg = Release|Any CPU
		{DBD837F9-810F-4078-BE35-5E4B53D10879}.Release|Any CPU.Build.0 = Release|Any CPU
		{50CA62ED-A306-4EDA-A5D8-7BB009D66B37}.Debug|Any CPU.ActiveCfg = Debug|Any CPU
		{50CA62ED-A306-4EDA-A5D8-7BB009D66B37}.Debug|Any CPU.Build.0 = Debug|Any CPU
		{50CA62ED-A306-4EDA-A5D8-7BB009D66B37}.Release|Any CPU.ActiveCfg = Release|Any CPU
		{50CA62ED-A306-4EDA-A5D8-7BB009D66B37}.Release|Any CPU.Build.0 = Release|Any CPU
		{D096D965-EFF0-4EB5-97FA-3C5F8448AFCB}.Debug|Any CPU.ActiveCfg = Debug|Any CPU
		{D096D965-EFF0-4EB5-97FA-3C5F8448AFCB}.Debug|Any CPU.Build.0 = Debug|Any CPU
		{D096D965-EFF0-4EB5-97FA-3C5F8448AFCB}.Release|Any CPU.ActiveCfg = Release|Any CPU
		{D096D965-EFF0-4EB5-97FA-3C5F8448AFCB}.Release|Any CPU.Build.0 = Release|Any CPU
	EndGlobalSection
	GlobalSection(SolutionProperties) = preSolution
		HideSolutionNode = FALSE
	EndGlobalSection
EndGlobal
